
Microsoft Visual Studio Solution File, Format Version 12.00
# Visual Studio 15
VisualStudioVersion = 15.0.27428.2002
MinimumVisualStudioVersion = 10.0.40219.1
Project("{FAE04EC0-301F-11D3-BF4B-00C04F79EFBC}") = "Xamarin.List.Android", "Xamarin.List\Xamarin.List.Android\Xamarin.List.Android.csproj", "{A2009C28-73B0-4FFF-93E0-3EAAAFD74C50}"
EndProject
Project("{FAE04EC0-301F-11D3-BF4B-00C04F79EFBC}") = "Xamarin.List", "Xamarin.List\Xamarin.List\Xamarin.List.csproj", "{5C8BFC28-C58A-4A03-A98E-C62A66EEEF3C}"
EndProject
Global
	GlobalSection(SolutionConfigurationPlatforms) = preSolution
		Debug|Any CPU = Debug|Any CPU
		Release|Any CPU = Release|Any CPU
	EndGlobalSection
	GlobalSection(ProjectConfigurationPlatforms) = postSolution
		{A2009C28-73B0-4FFF-93E0-3EAAAFD74C50}.Debug|Any CPU.ActiveCfg = Debug|Any CPU
		{A2009C28-73B0-4FFF-93E0-3EAAAFD74C50}.Debug|Any CPU.Build.0 = Debug|Any CPU
		{A2009C28-73B0-4FFF-93E0-3EAAAFD74C50}.Debug|Any CPU.Deploy.0 = Debug|Any CPU
		{A2009C28-73B0-4FFF-93E0-3EAAAFD74C50}.Release|Any CPU.ActiveCfg = Release|Any CPU
		{A2009C28-73B0-4FFF-93E0-3EAAAFD74C50}.Release|Any CPU.Build.0 = Release|Any CPU
		{A2009C28-73B0-4FFF-93E0-3EAAAFD74C50}.Release|Any CPU.Deploy.0 = Release|Any CPU
		{5C8BFC28-C58A-4A03-A98E-C62A66EEEF3C}.Debug|Any CPU.ActiveCfg = Debug|Any CPU
		{5C8BFC28-C58A-4A03-A98E-C62A66EEEF3C}.Debug|Any CPU.Build.0 = Debug|Any CPU
		{5C8BFC28-C58A-4A03-A98E-C62A66EEEF3C}.Release|Any CPU.ActiveCfg = Release|Any CPU
		{5C8BFC28-C58A-4A03-A98E-C62A66EEEF3C}.Release|Any CPU.Build.0 = Release|Any CPU
	EndGlobalSection
	GlobalSection(SolutionProperties) = preSolution
		HideSolutionNode = FALSE
	EndGlobalSection
	GlobalSection(ExtensibilityGlobals) = postSolution
		SolutionGuid = {0EC1E3DA-E4E3-4239-8DA3-316C1468812F}
	EndGlobalSection
EndGlobal
